// !$*UTF8*$!
{
	archiveVersion = 1;
	classes = {
	};
	objectVersion = 50;
	objects = {

/* Begin PBXBuildFile section */
		F17F94E721731B7E00DA3354 /* AppDelegate.swift in Sources */ = {isa = PBXBuildFile; fileRef = F17F94E621731B7E00DA3354 /* AppDelegate.swift */; };
		F17F94E921731B7E00DA3354 /* ViewController.swift in Sources */ = {isa = PBXBuildFile; fileRef = F17F94E821731B7E00DA3354 /* ViewController.swift */; };
		F17F94EC21731B7E00DA3354 /* Main.storyboard in Resources */ = {isa = PBXBuildFile; fileRef = F17F94EA21731B7E00DA3354 /* Main.storyboard */; };
		F17F94EE21731B8200DA3354 /* Assets.xcassets in Resources */ = {isa = PBXBuildFile; fileRef = F17F94ED21731B8200DA3354 /* Assets.xcassets */; };
		F17F94F121731B8200DA3354 /* LaunchScreen.storyboard in Resources */ = {isa = PBXBuildFile; fileRef = F17F94EF21731B8200DA3354 /* LaunchScreen.storyboard */; };
		F17F94FC21731B8200DA3354 /* DemoTestCaseTests.swift in Sources */ = {isa = PBXBuildFile; fileRef = F17F94FB21731B8200DA3354 /* DemoTestCaseTests.swift */; };
		F17F950721731B8200DA3354 /* DemoTestCaseUITests.swift in Sources */ = {isa = PBXBuildFile; fileRef = F17F950621731B8200DA3354 /* DemoTestCaseUITests.swift */; };
/* End PBXBuildFile section */

/* Begin PBXContainerItemProxy section */
		F17F94F821731B8200DA3354 /* PBXContainerItemProxy */ = {
			isa = PBXContainerItemProxy;
			containerPortal = F17F94DB21731B7E00DA3354 /* Project object */;
			proxyType = 1;
			remoteGlobalIDString = F17F94E221731B7E00DA3354;
			remoteInfo = DemoTestCase;
		};
		F17F950321731B8200DA3354 /* PBXContainerItemProxy */ = {
			isa = PBXContainerItemProxy;
			containerPortal = F17F94DB21731B7E00DA3354 /* Project object */;
			proxyType = 1;
			remoteGlobalIDString = F17F94E221731B7E00DA3354;
			remoteInfo = DemoTestCase;
		};
/* End PBXContainerItemProxy section */

/* Begin PBXFileReference section */
		F17F94E321731B7E00DA3354 /* DemoTestCase.app */ = {isa = PBXFileReference; explicitFileType = wrapper.application; includeInIndex = 0; path = DemoTestCase.app; sourceTree = BUILT_PRODUCTS_DIR; };
		F17F94E621731B7E00DA3354 /* AppDelegate.swift */ = {isa = PBXFileReference; lastKnownFileType = sourcecode.swift; path = AppDelegate.swift; sourceTree = "<group>"; };
		F17F94E821731B7E00DA3354 /* ViewController.swift */ = {isa = PBXFileReference; lastKnownFileType = sourcecode.swift; path = ViewController.swift; sourceTree = "<group>"; };
		F17F94EB21731B7E00DA3354 /* Base */ = {isa = PBXFileReference; lastKnownFileType = file.storyboard; name = Base; path = Base.lproj/Main.storyboard; sourceTree = "<group>"; };
		F17F94ED21731B8200DA3354 /* Assets.xcassets */ = {isa = PBXFileReference; lastKnownFileType = folder.assetcatalog; path = Assets.xcassets; sourceTree = "<group>"; };
		F17F94F021731B8200DA3354 /* Base */ = {isa = PBXFileReference; lastKnownFileType = file.storyboard; name = Base; path = Base.lproj/LaunchScreen.storyboard; sourceTree = "<group>"; };
		F17F94F221731B8200DA3354 /* Info.plist */ = {isa = PBXFileReference; lastKnownFileType = text.plist.xml; path = Info.plist; sourceTree = "<group>"; };
		F17F94F721731B8200DA3354 /* DemoTestCaseTests.xctest */ = {isa = PBXFileReference; explicitFileType = wrapper.cfbundle; includeInIndex = 0; path = DemoTestCaseTests.xctest; sourceTree = BUILT_PRODUCTS_DIR; };
		F17F94FB21731B8200DA3354 /* DemoTestCaseTests.swift */ = {isa = PBXFileReference; lastKnownFileType = sourcecode.swift; path = DemoTestCaseTests.swift; sourceTree = "<group>"; };
		F17F94FD21731B8200DA3354 /* Info.plist */ = {isa = PBXFileReference; lastKnownFileType = text.plist.xml; path = Info.plist; sourceTree = "<group>"; };
		F17F950221731B8200DA3354 /* DemoTestCaseUITests.xctest */ = {isa = PBXFileReference; explicitFileType = wrapper.cfbundle; includeInIndex = 0; path = DemoTestCaseUITests.xctest; sourceTree = BUILT_PRODUCTS_DIR; };
		F17F950621731B8200DA3354 /* DemoTestCaseUITests.swift */ = {isa = PBXFileReference; lastKnownFileType = sourcecode.swift; path = DemoTestCaseUITests.swift; sourceTree = "<group>"; };
		F17F950821731B8200DA3354 /* Info.plist */ = {isa = PBXFileReference; lastKnownFileType = text.plist.xml; path = Info.plist; sourceTree = "<group>"; };
/* End PBXFileReference section */

/* Begin PBXFrameworksBuildPhase section */
		F17F94E021731B7E00DA3354 /* Frameworks */ = {
			isa = PBXFrameworksBuildPhase;
			buildActionMask = 2147483647;
			files = (
			);
			runOnlyForDeploymentPostprocessing = 0;
		};
		F17F94F421731B8200DA3354 /* Frameworks */ = {
			isa = PBXFrameworksBuildPhase;
			buildActionMask = 2147483647;
			files = (
			);
			runOnlyForDeploymentPostprocessing = 0;
		};
		F17F94FF21731B8200DA3354 /* Frameworks */ = {
			isa = PBXFrameworksBuildPhase;
			buildActionMask = 2147483647;
			files = (
			);
			runOnlyForDeploymentPostprocessing = 0;
		};
/* End PBXFrameworksBuildPhase section */

/* Begin PBXGroup section */
		F17F94DA21731B7E00DA3354 = {
			isa = PBXGroup;
			children = (
				F17F94E521731B7E00DA3354 /* DemoTestCase */,
				F17F94FA21731B8200DA3354 /* DemoTestCaseTests */,
				F17F950521731B8200DA3354 /* DemoTestCaseUITests */,
				F17F94E421731B7E00DA3354 /* Products */,
			);
			sourceTree = "<group>";
		};
		F17F94E421731B7E00DA3354 /* Products */ = {
			isa = PBXGroup;
			children = (
				F17F94E321731B7E00DA3354 /* DemoTestCase.app */,
				F17F94F721731B8200DA3354 /* DemoTestCaseTests.xctest */,
				F17F950221731B8200DA3354 /* DemoTestCaseUITests.xctest */,
			);
			name = Products;
			sourceTree = "<group>";
		};
		F17F94E521731B7E00DA3354 /* DemoTestCase */ = {
			isa = PBXGroup;
			children = (
				F17F94E621731B7E00DA3354 /* AppDelegate.swift */,
				F17F94E821731B7E00DA3354 /* ViewController.swift */,
				F17F94EA21731B7E00DA3354 /* Main.storyboard */,
				F17F94ED21731B8200DA3354 /* Assets.xcassets */,
				F17F94EF21731B8200DA3354 /* LaunchScreen.storyboard */,
				F17F94F221731B8200DA3354 /* Info.plist */,
			);
			path = DemoTestCase;
			sourceTree = "<group>";
		};
		F17F94FA21731B8200DA3354 /* DemoTestCaseTests */ = {
			isa = PBXGroup;
			children = (
				F17F94FB21731B8200DA3354 /* DemoTestCaseTests.swift */,
				F17F94FD21731B8200DA3354 /* Info.plist */,
			);
			path = DemoTestCaseTests;
			sourceTree = "<group>";
		};
		F17F950521731B8200DA3354 /* DemoTestCaseUITests */ = {
			isa = PBXGroup;
			children = (
				F17F950621731B8200DA3354 /* DemoTestCaseUITests.swift */,
				F17F950821731B8200DA3354 /* Info.plist */,
			);
			path = DemoTestCaseUITests;
			sourceTree = "<group>";
		};
/* End PBXGroup section */

/* Begin PBXNativeTarget section */
		F17F94E221731B7E00DA3354 /* DemoTestCase */ = {
			isa = PBXNativeTarget;
			buildConfigurationList = F17F950B21731B8200DA3354 /* Build configuration list for PBXNativeTarget "DemoTestCase" */;
			buildPhases = (
				F17F94DF21731B7E00DA3354 /* Sources */,
				F17F94E021731B7E00DA3354 /* Frameworks */,
				F17F94E121731B7E00DA3354 /* Resources */,
			);
			buildRules = (
			);
			dependencies = (
			);
			name = DemoTestCase;
			productName = DemoTestCase;
			productReference = F17F94E321731B7E00DA3354 /* DemoTestCase.app */;
			productType = "com.apple.product-type.application";
		};
		F17F94F621731B8200DA3354 /* DemoTestCaseTests */ = {
			isa = PBXNativeTarget;
			buildConfigurationList = F17F950E21731B8200DA3354 /* Build configuration list for PBXNativeTarget "DemoTestCaseTests" */;
			buildPhases = (
				F17F94F321731B8200DA3354 /* Sources */,
				F17F94F421731B8200DA3354 /* Frameworks */,
				F17F94F521731B8200DA3354 /* Resources */,
			);
			buildRules = (
			);
			dependencies = (
				F17F94F921731B8200DA3354 /* PBXTargetDependency */,
			);
			name = DemoTestCaseTests;
			productName = DemoTestCaseTests;
			productReference = F17F94F721731B8200DA3354 /* DemoTestCaseTests.xctest */;
			productType = "com.apple.product-type.bundle.unit-test";
		};
		F17F950121731B8200DA3354 /* DemoTestCaseUITests */ = {
			isa = PBXNativeTarget;
			buildConfigurationList = F17F951121731B8200DA3354 /* Build configuration list for PBXNativeTarget "DemoTestCaseUITests" */;
			buildPhases = (
				F17F94FE21731B8200DA3354 /* Sources */,
				F17F94FF21731B8200DA3354 /* Frameworks */,
				F17F950021731B8200DA3354 /* Resources */,
			);
			buildRules = (
			);
			dependencies = (
				F17F950421731B8200DA3354 /* PBXTargetDependency */,
			);
			name = DemoTestCaseUITests;
			productName = DemoTestCaseUITests;
			productReference = F17F950221731B8200DA3354 /* DemoTestCaseUITests.xctest */;
			productType = "com.apple.product-type.bundle.ui-testing";
		};
/* End PBXNativeTarget section */

/* Begin PBXProject section */
		F17F94DB21731B7E00DA3354 /* Project object */ = {
			isa = PBXProject;
			attributes = {
				LastSwiftUpdateCheck = 0940;
				LastUpgradeCheck = 0940;
				ORGANIZATIONNAME = Globant;
				TargetAttributes = {
					F17F94E221731B7E00DA3354 = {
						CreatedOnToolsVersion = 9.4.1;
					};
					F17F94F621731B8200DA3354 = {
						CreatedOnToolsVersion = 9.4.1;
						TestTargetID = F17F94E221731B7E00DA3354;
					};
					F17F950121731B8200DA3354 = {
						CreatedOnToolsVersion = 9.4.1;
						TestTargetID = F17F94E221731B7E00DA3354;
					};
				};
			};
			buildConfigurationList = F17F94DE21731B7E00DA3354 /* Build configuration list for PBXProject "DemoTestCase" */;
			compatibilityVersion = "Xcode 9.3";
			developmentRegion = en;
			hasScannedForEncodings = 0;
			knownRegions = (
				en,
				Base,
			);
			mainGroup = F17F94DA21731B7E00DA3354;
			productRefGroup = F17F94E421731B7E00DA3354 /* Products */;
			projectDirPath = "";
			projectRoot = "";
			targets = (
				F17F94E221731B7E00DA3354 /* DemoTestCase */,
				F17F94F621731B8200DA3354 /* DemoTestCaseTests */,
				F17F950121731B8200DA3354 /* DemoTestCaseUITests */,
			);
		};
/* End PBXProject section */

/* Begin PBXResourcesBuildPhase section */
		F17F94E121731B7E00DA3354 /* Resources */ = {
			isa = PBXResourcesBuildPhase;
			buildActionMask = 2147483647;
			files = (
				F17F94F121731B8200DA3354 /* LaunchScreen.storyboard in Resources */,
				F17F94EE21731B8200DA3354 /* Assets.xcassets in Resources */,
				F17F94EC21731B7E00DA3354 /* Main.storyboard in Resources */,
			);
			runOnlyForDeploymentPostprocessing = 0;
		};
		F17F94F521731B8200DA3354 /* Resources */ = {
			isa = PBXResourcesBuildPhase;
			buildActionMask = 2147483647;
			files = (
			);
			runOnlyForDeploymentPostprocessing = 0;
		};
		F17F950021731B8200DA3354 /* Resources */ = {
			isa = PBXResourcesBuildPhase;
			buildActionMask = 2147483647;
			files = (
			);
			runOnlyForDeploymentPostprocessing = 0;
		};
/* End PBXResourcesBuildPhase section */

/* Begin PBXSourcesBuildPhase section */
		F17F94DF21731B7E00DA3354 /* Sources */ = {
			isa = PBXSourcesBuildPhase;
			buildActionMask = 2147483647;
			files = (
				F17F94E921731B7E00DA3354 /* ViewController.swift in Sources */,
				F17F94E721731B7E00DA3354 /* AppDelegate.swift in Sources */,
			);
			runOnlyForDeploymentPostprocessing = 0;
		};
		F17F94F321731B8200DA3354 /* Sources */ = {
			isa = PBXSourcesBuildPhase;
			buildActionMask = 2147483647;
			files = (
				F17F94FC21731B8200DA3354 /* DemoTestCaseTests.swift in Sources */,
			);
			runOnlyForDeploymentPostprocessing = 0;
		};
		F17F94FE21731B8200DA3354 /* Sources */ = {
			isa = PBXSourcesBuildPhase;
			buildActionMask = 2147483647;
			files = (
				F17F950721731B8200DA3354 /* DemoTestCaseUITests.swift in Sources */,
			);
			runOnlyForDeploymentPostprocessing = 0;
		};
/* End PBXSourcesBuildPhase section */

/* Begin PBXTargetDependency section */
		F17F94F921731B8200DA3354 /* PBXTargetDependency */ = {
			isa = PBXTargetDependency;
			target = F17F94E221731B7E00DA3354 /* DemoTestCase */;
			targetProxy = F17F94F821731B8200DA3354 /* PBXContainerItemProxy */;
		};
		F17F950421731B8200DA3354 /* PBXTargetDependency */ = {
			isa = PBXTargetDependency;
			target = F17F94E221731B7E00DA3354 /* DemoTestCase */;
			targetProxy = F17F950321731B8200DA3354 /* PBXContainerItemProxy */;
		};
/* End PBXTargetDependency section */

/* Begin PBXVariantGroup section */
		F17F94EA21731B7E00DA3354 /* Main.storyboard */ = {
			isa = PBXVariantGroup;
			children = (
				F17F94EB21731B7E00DA3354 /* Base */,
			);
			name = Main.storyboard;
			sourceTree = "<group>";
		};
		F17F94EF21731B8200DA3354 /* LaunchScreen.storyboard */ = {
			isa = PBXVariantGroup;
			children = (
				F17F94F021731B8200DA3354 /* Base */,
			);
			name = LaunchScreen.storyboard;
			sourceTree = "<group>";
		};
/* End PBXVariantGroup section */

/* Begin XCBuildConfiguration section */
		F17F950921731B8200DA3354 /* Debug */ = {
			isa = XCBuildConfiguration;
			buildSettings = {
				ALWAYS_SEARCH_USER_PATHS = NO;
				CLANG_ANALYZER_NONNULL = YES;
				CLANG_ANALYZER_NUMBER_OBJECT_CONVERSION = YES_AGGRESSIVE;
				CLANG_CXX_LANGUAGE_STANDARD = "gnu++14";
				CLANG_CXX_LIBRARY = "libc++";
				CLANG_ENABLE_MODULES = YES;
				CLANG_ENABLE_OBJC_ARC = YES;
				CLANG_ENABLE_OBJC_WEAK = YES;
				CLANG_WARN_BLOCK_CAPTURE_AUTORELEASING = YES;
				CLANG_WARN_BOOL_CONVERSION = YES;
				CLANG_WARN_COMMA = YES;
				CLANG_WARN_CONSTANT_CONVERSION = YES;
				CLANG_WARN_DEPRECATED_OBJC_IMPLEMENTATIONS = YES;
				CLANG_WARN_DIRECT_OBJC_ISA_USAGE = YES_ERROR;
				CLANG_WARN_DOCUMENTATION_COMMENTS = YES;
				CLANG_WARN_EMPTY_BODY = YES;
				CLANG_WARN_ENUM_CONVERSION = YES;
				CLANG_WARN_INFINITE_RECURSION = YES;
				CLANG_WARN_INT_CONVERSION = YES;
				CLANG_WARN_NON_LITERAL_NULL_CONVERSION = YES;
				CLANG_WARN_OBJC_IMPLICIT_RETAIN_SELF = YES;
				CLANG_WARN_OBJC_LITERAL_CONVERSION = YES;
				CLANG_WARN_OBJC_ROOT_CLASS = YES_ERROR;
				CLANG_WARN_RANGE_LOOP_ANALYSIS = YES;
				CLANG_WARN_STRICT_PROTOTYPES = YES;
				CLANG_WARN_SUSPICIOUS_MOVE = YES;
				CLANG_WARN_UNGUARDED_AVAILABILITY = YES_AGGRESSIVE;
				CLANG_WARN_UNREACHABLE_CODE = YES;
				CLANG_WARN__DUPLICATE_METHOD_MATCH = YES;
				CODE_SIGN_IDENTITY = "iPhone Developer";
				COPY_PHASE_STRIP = NO;
				DEBUG_INFORMATION_FORMAT = dwarf;
				ENABLE_STRICT_OBJC_MSGSEND = YES;
				ENABLE_TESTABILITY = YES;
				GCC_C_LANGUAGE_STANDARD = gnu11;
				GCC_DYNAMIC_NO_PIC = NO;
				GCC_NO_COMMON_BLOCKS = YES;
				GCC_OPTIMIZATION_LEVEL = 0;
				GCC_PREPROCESSOR_DEFINITIONS = (
					"DEBUG=1",
					"$(inherited)",
				);
				GCC_WARN_64_TO_32_BIT_CONVERSION = YES;
				GCC_WARN_ABOUT_RETURN_TYPE = YES_ERROR;
				GCC_WARN_UNDECLARED_SELECTOR = YES;
				GCC_WARN_UNINITIALIZED_AUTOS = YES_AGGRESSIVE;
				GCC_WARN_UNUSED_FUNCTION = YES;
				GCC_WARN_UNUSED_VARIABLE = YES;
				IPHONEOS_DEPLOYMENT_TARGET = 11.4;
				MTL_ENABLE_DEBUG_INFO = YES;
				ONLY_ACTIVE_ARCH = YES;
				SDKROOT = iphoneos;
				SWIFT_ACTIVE_COMPILATION_CONDITIONS = DEBUG;
				SWIFT_OPTIMIZATION_LEVEL = "-Onone";
			};
			name = Debug;
		};
		F17F950A21731B8200DA3354 /* Release */ = {
			isa = XCBuildConfiguration;
			buildSettings = {
				ALWAYS_SEARCH_USER_PATHS = NO;
				CLANG_ANALYZER_NONNULL = YES;
				CLANG_ANALYZER_NUMBER_OBJECT_CONVERSION = YES_AGGRESSIVE;
				CLANG_CXX_LANGUAGE_STANDARD = "gnu++14";
				CLANG_CXX_LIBRARY = "libc++";
				CLANG_ENABLE_MODULES = YES;
				CLANG_ENABLE_OBJC_ARC = YES;
				CLANG_ENABLE_OBJC_WEAK = YES;
				CLANG_WARN_BLOCK_CAPTURE_AUTORELEASING = YES;
				CLANG_WARN_BOOL_CONVERSION = YES;
				CLANG_WARN_COMMA = YES;
				CLANG_WARN_CONSTANT_CONVERSION = YES;
				CLANG_WARN_DEPRECATED_OBJC_IMPLEMENTATIONS = YES;
				CLANG_WARN_DIRECT_OBJC_ISA_USAGE = YES_ERROR;
				CLANG_WARN_DOCUMENTATION_COMMENTS = YES;
				CLANG_WARN_EMPTY_BODY = YES;
				CLANG_WARN_ENUM_CONVERSION = YES;
				CLANG_WARN_INFINITE_RECURSION = YES;
				CLANG_WARN_INT_CONVERSION = YES;
				CLANG_WARN_NON_LITERAL_NULL_CONVERSION = YES;
				CLANG_WARN_OBJC_IMPLICIT_RETAIN_SELF = YES;
				CLANG_WARN_OBJC_LITERAL_CONVERSION = YES;
				CLANG_WARN_OBJC_ROOT_CLASS = YES_ERROR;
				CLANG_WARN_RANGE_LOOP_ANALYSIS = YES;
				CLANG_WARN_STRICT_PROTOTYPES = YES;
				CLANG_WARN_SUSPICIOUS_MOVE = YES;
				CLANG_WARN_UNGUARDED_AVAILABILITY = YES_AGGRESSIVE;
				CLANG_WARN_UNREACHABLE_CODE = YES;
				CLANG_WARN__DUPLICATE_METHOD_MATCH = YES;
				CODE_SIGN_IDENTITY = "iPhone Developer";
				COPY_PHASE_STRIP = NO;
				DEBUG_INFORMATION_FORMAT = "dwarf-with-dsym";
				ENABLE_NS_ASSERTIONS = NO;
				ENABLE_STRICT_OBJC_MSGSEND = YES;
				GCC_C_LANGUAGE_STANDARD = gnu11;
				GCC_NO_COMMON_BLOCKS = YES;
				GCC_WARN_64_TO_32_BIT_CONVERSION = YES;
				GCC_WARN_ABOUT_RETURN_TYPE = YES_ERROR;
				GCC_WARN_UNDECLARED_SELECTOR = YES;
				GCC_WARN_UNINITIALIZED_AUTOS = YES_AGGRESSIVE;
				GCC_WARN_UNUSED_FUNCTION = YES;
				GCC_WARN_UNUSED_VARIABLE = YES;
				IPHONEOS_DEPLOYMENT_TARGET = 11.4;
				MTL_ENABLE_DEBUG_INFO = NO;
				SDKROOT = iphoneos;
				SWIFT_COMPILATION_MODE = wholemodule;
				SWIFT_OPTIMIZATION_LEVEL = "-O";
				VALIDATE_PRODUCT = YES;
			};
			name = Release;
		};
		F17F950C21731B8200DA3354 /* Debug */ = {
			isa = XCBuildConfiguration;
			buildSettings = {
				ASSETCATALOG_COMPILER_APPICON_NAME = AppIcon;
				CODE_SIGN_IDENTITY = "iPhone Developer";
				"CODE_SIGN_IDENTITY[sdk=*]" = "iPhone Developer";
				CODE_SIGN_STYLE = Manual;
				DEVELOPMENT_TEAM = M4P9MTN4SU;
				INFOPLIST_FILE = DemoTestCase/Info.plist;
				LD_RUNPATH_SEARCH_PATHS = (
					"$(inherited)",
					"@executable_path/Frameworks",
				);
				PRODUCT_BUNDLE_IDENTIFIER = "info.mta.mymta-test";
				PRODUCT_NAME = "$(TARGET_NAME)";
				PROVISIONING_PROFILE = "0fb35b59-82bb-4d11-9a73-366a6a7d6bd7";
				PROVISIONING_PROFILE_SPECIFIER = Dev_DemoTests;
				SWIFT_VERSION = 4.0;
				TARGETED_DEVICE_FAMILY = "1,2";
			};
			name = Debug;
		};
		F17F950D21731B8200DA3354 /* Release */ = {
			isa = XCBuildConfiguration;
			buildSettings = {
				ASSETCATALOG_COMPILER_APPICON_NAME = AppIcon;
				CODE_SIGN_IDENTITY = "iPhone Developer";
				"CODE_SIGN_IDENTITY[sdk=*]" = "iPhone Developer";
				CODE_SIGN_STYLE = Manual;
				DEVELOPMENT_TEAM = M4P9MTN4SU;
				INFOPLIST_FILE = DemoTestCase/Info.plist;
				LD_RUNPATH_SEARCH_PATHS = (
					"$(inherited)",
					"@executable_path/Frameworks",
				);
				PRODUCT_BUNDLE_IDENTIFIER = "info.mta.mymta-test";
				PRODUCT_NAME = "$(TARGET_NAME)";
				PROVISIONING_PROFILE = "0fb35b59-82bb-4d11-9a73-366a6a7d6bd7";
				PROVISIONING_PROFILE_SPECIFIER = Dev_DemoTests;
				SWIFT_VERSION = 4.0;
				TARGETED_DEVICE_FAMILY = "1,2";
			};
			name = Release;
		};
		F17F950F21731B8200DA3354 /* Debug */ = {
			isa = XCBuildConfiguration;
			buildSettings = {
				ALWAYS_EMBED_SWIFT_STANDARD_LIBRARIES = YES;
				BUNDLE_LOADER = "$(TEST_HOST)";
				CODE_SIGN_IDENTITY = "iPhone Developer";
				CODE_SIGN_STYLE = Manual;
				DEVELOPMENT_TEAM = M4P9MTN4SU;
				INFOPLIST_FILE = DemoTestCaseTests/Info.plist;
				LD_RUNPATH_SEARCH_PATHS = (
					"$(inherited)",
					"@executable_path/Frameworks",
					"@loader_path/Frameworks",
				);
				PRODUCT_BUNDLE_IDENTIFIER = com..DemoTestCaseTests;
				PRODUCT_NAME = "$(TARGET_NAME)";
				PROVISIONING_PROFILE_SPECIFIER = "";
				SWIFT_VERSION = 4.0;
				TARGETED_DEVICE_FAMILY = "1,2";
				TEST_HOST = "$(BUILT_PRODUCTS_DIR)/DemoTestCase.app/DemoTestCase";
			};
			name = Debug;
		};
		F17F951021731B8200DA3354 /* Release */ = {
			isa = XCBuildConfiguration;
			buildSettings = {
				ALWAYS_EMBED_SWIFT_STANDARD_LIBRARIES = YES;
				BUNDLE_LOADER = "$(TEST_HOST)";
				CODE_SIGN_IDENTITY = "iPhone Developer";
				CODE_SIGN_STYLE = Manual;
				DEVELOPMENT_TEAM = M4P9MTN4SU;
				INFOPLIST_FILE = DemoTestCaseTests/Info.plist;
				LD_RUNPATH_SEARCH_PATHS = (
					"$(inherited)",
					"@executable_path/Frameworks",
					"@loader_path/Frameworks",
				);
				PRODUCT_BUNDLE_IDENTIFIER = com..DemoTestCaseTests;
				PRODUCT_NAME = "$(TARGET_NAME)";
				PROVISIONING_PROFILE_SPECIFIER = "";
				SWIFT_VERSION = 4.0;
				TARGETED_DEVICE_FAMILY = "1,2";
				TEST_HOST = "$(BUILT_PRODUCTS_DIR)/DemoTestCase.app/DemoTestCase";
			};
			name = Release;
		};
		F17F951221731B8200DA3354 /* Debug */ = {
			isa = XCBuildConfiguration;
			buildSettings = {
				ALWAYS_EMBED_SWIFT_STANDARD_LIBRARIES = YES;
				CODE_SIGN_STYLE = Automatic;
				DEVELOPMENT_TEAM = K3AXGLNTDZ;
				INFOPLIST_FILE = DemoTestCaseUITests/Info.plist;
				LD_RUNPATH_SEARCH_PATHS = (
					"$(inherited)",
					"@executable_path/Frameworks",
					"@loader_path/Frameworks",
				);
				PRODUCT_BUNDLE_IDENTIFIER = com..DemoTestCaseUITests;
				PRODUCT_NAME = "$(TARGET_NAME)";
				SWIFT_VERSION = 4.0;
				TARGETED_DEVICE_FAMILY = "1,2";
				TEST_TARGET_NAME = DemoTestCase;
			};
			name = Debug;
		};
		F17F951321731B8200DA3354 /* Release */ = {
			isa = XCBuildConfiguration;
			buildSettings = {
				ALWAYS_EMBED_SWIFT_STANDARD_LIBRARIES = YES;
				CODE_SIGN_STYLE = Automatic;
				DEVELOPMENT_TEAM = K3AXGLNTDZ;
				INFOPLIST_FILE = DemoTestCaseUITests/Info.plist;
				LD_RUNPATH_SEARCH_PATHS = (
					"$(inherited)",
					"@executable_path/Frameworks",
					"@loader_path/Frameworks",
				);
				PRODUCT_BUNDLE_IDENTIFIER = com..DemoTestCaseUITests;
				PRODUCT_NAME = "$(TARGET_NAME)";
				SWIFT_VERSION = 4.0;
				TARGETED_DEVICE_FAMILY = "1,2";
				TEST_TARGET_NAME = DemoTestCase;
			};
			name = Release;
		};
/* End XCBuildConfiguration section */

/* Begin XCConfigurationList section */
		F17F94DE21731B7E00DA3354 /* Build configuration list for PBXProject "DemoTestCase" */ = {
			isa = XCConfigurationList;
			buildConfigurations = (
				F17F950921731B8200DA3354 /* Debug */,
				F17F950A21731B8200DA3354 /* Release */,
			);
			defaultConfigurationIsVisible = 0;
			defaultConfigurationName = Release;
		};
		F17F950B21731B8200DA3354 /* Build configuration list for PBXNativeTarget "DemoTestCase" */ = {
			isa = XCConfigurationList;
			buildConfigurations = (
				F17F950C21731B8200DA3354 /* Debug */,
				F17F950D21731B8200DA3354 /* Release */,
			);
			defaultConfigurationIsVisible = 0;
			defaultConfigurationName = Release;
		};
		F17F950E21731B8200DA3354 /* Build configuration list for PBXNativeTarget "DemoTestCaseTests" */ = {
			isa = XCConfigurationList;
			buildConfigurations = (
				F17F950F21731B8200DA3354 /* Debug */,
				F17F951021731B8200DA3354 /* Release */,
			);
			defaultConfigurationIsVisible = 0;
			defaultConfigurationName = Release;
		};
		F17F951121731B8200DA3354 /* Build configuration list for PBXNativeTarget "DemoTestCaseUITests" */ = {
			isa = XCConfigurationList;
			buildConfigurations = (
				F17F951221731B8200DA3354 /* Debug */,
				F17F951321731B8200DA3354 /* Release */,
			);
			defaultConfigurationIsVisible = 0;
			defaultConfigurationName = Release;
		};
/* End XCConfigurationList section */
	};
	rootObject = F17F94DB21731B7E00DA3354 /* Project object */;
}
